github.com/go-redis/redis v6.15.9+incompatible h1:K0pv1D7EQUjfyoMql+r/jZqCLizCGKFlFgcHWWmHQjg=
github.com/go-redis/redis v6.15.9+incompatible/go.mod h1:NAIEuMOZ/fxfXJIrKDQDz8wamY7mA7PouImQ2Jvg6kA=
github.com/go-telegram-bot-api/telegram-bot-api v4.6.4+incompatible h1:2cauKuaELYAEARXRkq2LrJ0yDDv1rW7+wrTEdVL3uaU=
github.com/go-telegram-bot-api/telegram-bot-api v4.6.4+incompatible/go.mod h1:qf9acutJ8cwBUhm1bqgz6Bei9/C/c93FPDljKWwsOgM=
github.com/hhhanafubukiii/go-todoist-sdk v0.0.0-20241130084221-53c2ce8e22ae h1:femZI9uwQLdJ+660qSToLSmD2nTshD6OLWcJDf5yByo=
github.com/hhhanafubukiii/go-todoist-sdk v0.0.0-20241130084221-53c2ce8e22ae/go.mod h1:YRaTDFqYx8/a2Q1+zRyFe2S4PjElU58oGmxM94uQ33U=
github.com/hhhanafubukiii/go-todoist-sdk v0.0.0-20241130204120-1a154bbe1718 h1:GNZ+1bU2peIAHPCXbgGu7OzHNx33OzQkIJVoSIqUMJw=
github.com/hhhanafubukiii/go-todoist-sdk v0.0.0-20241130204120-1a154bbe1718/go.mod h1:YRaTDFqYx8/a2Q1+zRyFe2S4PjElU58oGmxM94uQ33U=
github.com/hhhanafubukiii/go-todoist-sdk v0.0.0-20241209140020-8a31515076b9 h1:6XE9aE8ZAjFaQedVo1PnYS4ebXc6engPTlvu4EYk45M=
github.com/hhhanafubukiii/go-todoist-sdk v0.0.0-20241209140020-8a31515076b9/go.mod h1:YRaTDFqYx8/a2Q1+zRyFe2S4PjElU58oGmxM94uQ33U=
github.com/joho/godotenv v1.5.1 h1:7eLL/+HRGLY0ldzfGMeQkb7vMd0as4CfYvUVzLqw0N0=
github.com/joho/godotenv v1.5.1/go.mod h1:f4LDr5Voq0i2e/R5DDNOoa2zzDfwtkZa6DnEwAbqwq4=
github.com/lib/pq v1.10.9 h1:YXG7RB+JIjhP29X+OtkiDnYaXQwpS4JEWq7dtCCRUEw=
github.com/lib/pq v1.10.9/go.mod h1:AlVN5x4E4T544tWzH6hKfbfQvm3HdbOxrmggDNAPY9o=
github.com/looplab/fsm v1.0.2 h1:f0kdMzr4CRpXtaKKRUxwLYJ7PirTdwrtNumeLN+mDx8=
github.com/looplab/fsm v1.0.2/go.mod h1:PmD3fFvQEIsjMEfvZdrCDZ6y8VwKTwWNjlpEr6IKPO4=
github.com/redis/go-redis v6.15.9+incompatible h1:F+tnlesQSl3h9V8DdmtcYFdvkHLhbb7AgcLW6UJxnC4=
github.com/redis/go-redis v6.15.9+incompatible/go.mod h1:ic6dLmR0d9rkHSzaa0Ab3QVRZcjopJ9hSSPCrecj/+s=
github.com/technoweenie/multipartstreamer v1.0.1 h1:XRztA5MXiR1TIRHxH2uNxXxaIkKQDeX7m2XsSOlQEnM=
github.com/technoweenie/multipartstreamer v1.0.1/go.mod h1:jNVxdtShOxzAsukZwTSw6MDx5eUJoiEBsSvzDU9uzog=
